
Microsoft Visual Studio Solution File, Format Version 11.00
# Visual Studio 2010
Project("{FAE04EC0-301F-11D3-BF4B-00C04F79EFBC}") = "SmartLion.Web", "SmartLion.Web\SmartLion.Web.csproj", "{F7B4F097-3EA1-4B64-AEA2-FD32A6CE3D08}"
EndProject
Project("{FAE04EC0-301F-11D3-BF4B-00C04F79EFBC}") = "SmartLion.Model", "SmartLion.Model\SmartLion.Model.csproj", "{AE749ACE-44FA-4880-9298-39CEDE4699E6}"
EndProject
Project("{FAE04EC0-301F-11D3-BF4B-00C04F79EFBC}") = "SmartLion.Operation.Manager", "SmartLion.Operation.Manager\SmartLion.Operation.Manager.csproj", "{8D10E75F-0D1E-463C-9539-B0F43042874F}"
EndProject
Project("{FAE04EC0-301F-11D3-BF4B-00C04F79EFBC}") = "SmartLion.Business", "SmartLion.Business\SmartLion.Business.csproj", "{09B7546C-CC16-4786-A698-08B810D3ADDB}"
EndProject
Project("{FAE04EC0-301F-11D3-BF4B-00C04F79EFBC}") = "SmartLion.Domain.Model", "SmartLion.Domain.Model\SmartLion.Domain.Model.csproj", "{3CB58538-B9DA-4E6E-9AB9-E135C791A72B}"
EndProject
Project("{FAE04EC0-301F-11D3-BF4B-00C04F79EFBC}") = "SmartLion.Core", "SmartLion.Core\SmartLion.Core.csproj", "{A312B45A-6B23-465C-B528-5B8FEDDEB9DB}"
EndProject
Project("{FAE04EC0-301F-11D3-BF4B-00C04F79EFBC}") = "SmartLion.Extensions", "SmartLion.Extensions\SmartLion.Extensions.csproj", "{52498FCA-90E5-4A69-A6BE-B57F649D4D5F}"
EndProject
Global
	GlobalSection(SolutionConfigurationPlatforms) = preSolution
		Debug|Any CPU = Debug|Any CPU
		Release|Any CPU = Release|Any CPU
	EndGlobalSection
	GlobalSection(ProjectConfigurationPlatforms) = postSolution
		{F7B4F097-3EA1-4B64-AEA2-FD32A6CE3D08}.Debug|Any CPU.ActiveCfg = Debug|Any CPU
		{F7B4F097-3EA1-4B64-AEA2-FD32A6CE3D08}.Debug|Any CPU.Build.0 = Debug|Any CPU
		{F7B4F097-3EA1-4B64-AEA2-FD32A6CE3D08}.Release|Any CPU.ActiveCfg = Release|Any CPU
		{F7B4F097-3EA1-4B64-AEA2-FD32A6CE3D08}.Release|Any CPU.Build.0 = Release|Any CPU
		{AE749ACE-44FA-4880-9298-39CEDE4699E6}.Debug|Any CPU.ActiveCfg = Debug|Any CPU
		{AE749ACE-44FA-4880-9298-39CEDE4699E6}.Debug|Any CPU.Build.0 = Debug|Any CPU
		{AE749ACE-44FA-4880-9298-39CEDE4699E6}.Release|Any CPU.ActiveCfg = Release|Any CPU
		{AE749ACE-44FA-4880-9298-39CEDE4699E6}.Release|Any CPU.Build.0 = Release|Any CPU
		{8D10E75F-0D1E-463C-9539-B0F43042874F}.Debug|Any CPU.ActiveCfg = Debug|Any CPU
		{8D10E75F-0D1E-463C-9539-B0F43042874F}.Debug|Any CPU.Build.0 = Debug|Any CPU
		{8D10E75F-0D1E-463C-9539-B0F43042874F}.Release|Any CPU.ActiveCfg = Release|Any CPU
		{8D10E75F-0D1E-463C-9539-B0F43042874F}.Release|Any CPU.Build.0 = Release|Any CPU
		{09B7546C-CC16-4786-A698-08B810D3ADDB}.Debug|Any CPU.ActiveCfg = Debug|Any CPU
		{09B7546C-CC16-4786-A698-08B810D3ADDB}.Debug|Any CPU.Build.0 = Debug|Any CPU
		{09B7546C-CC16-4786-A698-08B810D3ADDB}.Release|Any CPU.ActiveCfg = Release|Any CPU
		{09B7546C-CC16-4786-A698-08B810D3ADDB}.Release|Any CPU.Build.0 = Release|Any CPU
		{3CB58538-B9DA-4E6E-9AB9-E135C791A72B}.Debug|Any CPU.ActiveCfg = Debug|Any CPU
		{3CB58538-B9DA-4E6E-9AB9-E135C791A72B}.Debug|Any CPU.Build.0 = Debug|Any CPU
		{3CB58538-B9DA-4E6E-9AB9-E135C791A72B}.Release|Any CPU.ActiveCfg = Release|Any CPU
		{3CB58538-B9DA-4E6E-9AB9-E135C791A72B}.Release|Any CPU.Build.0 = Release|Any CPU
		{A312B45A-6B23-465C-B528-5B8FEDDEB9DB}.Debug|Any CPU.ActiveCfg = Debug|Any CPU
		{A312B45A-6B23-465C-B528-5B8FEDDEB9DB}.Debug|Any CPU.Build.0 = Debug|Any CPU
		{A312B45A-6B23-465C-B528-5B8FEDDEB9DB}.Release|Any CPU.ActiveCfg = Release|Any CPU
		{A312B45A-6B23-465C-B528-5B8FEDDEB9DB}.Release|Any CPU.Build.0 = Release|Any CPU
		{52498FCA-90E5-4A69-A6BE-B57F649D4D5F}.Debug|Any CPU.ActiveCfg = Debug|Any CPU
		{52498FCA-90E5-4A69-A6BE-B57F649D4D5F}.Debug|Any CPU.Build.0 = Debug|Any CPU
		{52498FCA-90E5-4A69-A6BE-B57F649D4D5F}.Release|Any CPU.ActiveCfg = Release|Any CPU
		{52498FCA-90E5-4A69-A6BE-B57F649D4D5F}.Release|Any CPU.Build.0 = Release|Any CPU
	EndGlobalSection
	GlobalSection(SolutionProperties) = preSolution
		HideSolutionNode = FALSE
	EndGlobalSection
EndGlobal
